
Microsoft Visual Studio Solution File, Format Version 12.00
# Visual Studio Version 16
VisualStudioVersion = 16.0.32002.261
MinimumVisualStudioVersion = 10.0.40219.1
Project("{FAE04EC0-301F-11D3-BF4B-00C04F79EFBC}") = "MobileAPPMVC", "MobileAPPMVC\MobileAPPMVC.csproj", "{A6C6CA5F-051F-41AB-9B56-284AED258AB1}"
EndProject
Global
	GlobalSection(SolutionConfigurationPlatforms) = preSolution
		Debug|Any CPU = Debug|Any CPU
		Release|Any CPU = Release|Any CPU
	EndGlobalSection
	GlobalSection(ProjectConfigurationPlatforms) = postSolution
		{A6C6CA5F-051F-41AB-9B56-284AED258AB1}.Debug|Any CPU.ActiveCfg = Debug|Any CPU
		{A6C6CA5F-051F-41AB-9B56-284AED258AB1}.Debug|Any CPU.Build.0 = Debug|Any CPU
		{A6C6CA5F-051F-41AB-9B56-284AED258AB1}.Release|Any CPU.ActiveCfg = Release|Any CPU
		{A6C6CA5F-051F-41AB-9B56-284AED258AB1}.Release|Any CPU.Build.0 = Release|Any CPU
	EndGlobalSection
	GlobalSection(SolutionProperties) = preSolution
		HideSolutionNode = FALSE
	EndGlobalSection
	GlobalSection(ExtensibilityGlobals) = postSolution
		SolutionGuid = {3C951110-857E-49A3-937A-EE5CCB9131F5}
	EndGlobalSection
EndGlobal
